
Microsoft Visual Studio Solution File, Format Version 12.00
# Visual Studio Version 17
VisualStudioVersion = 17.10.34928.147
MinimumVisualStudioVersion = 10.0.40219.1
Project("{9A19103F-16F7-4668-BE54-9A1E7A4F7556}") = "IF_ Study", "IF_ Study.csproj", "{3CEC902E-D80A-43C2-A0FB-18CF95F684A8}"
EndProject
Project("{FAE04EC0-301F-11D3-BF4B-00C04F79EFBC}") = "IF_Study2", "..\IF_Study2\IF_Study2.csproj", "{4AD8C2A3-C2E6-444F-BF34-6C733FD32FB8}"
EndProject
Project("{FAE04EC0-301F-11D3-BF4B-00C04F79EFBC}") = "MyLibrary", "..\MyLibrary\MyLibrary.csproj", "{D16E68F2-852F-4DE8-9991-C97F60668E65}"
EndProject
Global
	GlobalSection(SolutionConfigurationPlatforms) = preSolution
		Debug|Any CPU = Debug|Any CPU
		Release|Any CPU = Release|Any CPU
	EndGlobalSection
	GlobalSection(ProjectConfigurationPlatforms) = postSolution
		{3CEC902E-D80A-43C2-A0FB-18CF95F684A8}.Debug|Any CPU.ActiveCfg = Debug|Any CPU
		{3CEC902E-D80A-43C2-A0FB-18CF95F684A8}.Debug|Any CPU.Build.0 = Debug|Any CPU
		{3CEC902E-D80A-43C2-A0FB-18CF95F684A8}.Release|Any CPU.ActiveCfg = Release|Any CPU
		{3CEC902E-D80A-43C2-A0FB-18CF95F684A8}.Release|Any CPU.Build.0 = Release|Any CPU
		{4AD8C2A3-C2E6-444F-BF34-6C733FD32FB8}.Debug|Any CPU.ActiveCfg = Debug|Any CPU
		{4AD8C2A3-C2E6-444F-BF34-6C733FD32FB8}.Debug|Any CPU.Build.0 = Debug|Any CPU
		{4AD8C2A3-C2E6-444F-BF34-6C733FD32FB8}.Release|Any CPU.ActiveCfg = Release|Any CPU
		{4AD8C2A3-C2E6-444F-BF34-6C733FD32FB8}.Release|Any CPU.Build.0 = Release|Any CPU
		{D16E68F2-852F-4DE8-9991-C97F60668E65}.Debug|Any CPU.ActiveCfg = Debug|Any CPU
		{D16E68F2-852F-4DE8-9991-C97F60668E65}.Debug|Any CPU.Build.0 = Debug|Any CPU
		{D16E68F2-852F-4DE8-9991-C97F60668E65}.Release|Any CPU.ActiveCfg = Release|Any CPU
		{D16E68F2-852F-4DE8-9991-C97F60668E65}.Release|Any CPU.Build.0 = Release|Any CPU
	EndGlobalSection
	GlobalSection(SolutionProperties) = preSolution
		HideSolutionNode = FALSE
	EndGlobalSection
	GlobalSection(ExtensibilityGlobals) = postSolution
		SolutionGuid = {7CD51898-88AD-4C4F-AB7C-4CCB9B37203E}
	EndGlobalSection
EndGlobal
